PODS:
  - DACircularProgress (2.3.1)
  - MBProgressHUD (0.9.1)
  - MJRefresh (3.0.4)
  - MWPhotoBrowser (1.4.1):
    - DACircularProgress
    - MBProgressHUD (~> 0.8)
    - PSTCollectionView (~> 1.2)
    - SDWebImage (~> 3.7)
  - PSTCollectionView (1.2.3)
  - SDWebImage (3.7.3):
    - SDWebImage/Core (= 3.7.3)
  - SDWebImage/Core (3.7.3)
  - UMengAnalytics-NO-IDFA (3.4.7)

DEPENDENCIES:
  - MJRefresh (~> 3.0.4)
  - MWPhotoBrowser (~> 1.4.1)
  - UMengAnalytics-NO-IDFA (~> 3.4.7)

SPEC CHECKSUMS:
  DACircularProgress: 4dd437c0fc3da5161cb289e07ac449493d41db71
  MBProgressHUD: c47f2c166c126cf2ce36498d80f33e754d4e93ad
  MJRefresh: c95f0d541606ef584dab3fbeda28f4f32b4aca6e
  MWPhotoBrowser: 2531e682860d62b8a7ba8659de02eb9040e431e5
  PSTCollectionView: 6749df92885353521f55279a7ce2b293762e2be4
  SDWebImage: 1d2b1a1efda1ade1b00b6f8498865f8ddedc8a84
  UMengAnalytics-NO-IDFA: 68a71671c10067315339fc3fd1283be416f02a8b

COCOAPODS: 0.39.0
