// !$*UTF8*$!
{
	archiveVersion = 1;
	classes = {
	};
	objectVersion = 46;
	objects = {

/* Begin PBXBuildFile section */
		9B1467E21A260A3C00ACD417 /* CategoryMinorAddViewController.swift in Sources */ = {isa = PBXBuildFile; fileRef = 9B1467E11A260A3B00ACD417 /* CategoryMinorAddViewController.swift */; };
		9B1E5BE71A2B5E1100615842 /* index.jpg in Resources */ = {isa = PBXBuildFile; fileRef = 9B1E5BE41A2B5E1100615842 /* index.jpg */; };
		9B1E5BE81A2B5E1100615842 /* index@2x.jpg in Resources */ = {isa = PBXBuildFile; fileRef = 9B1E5BE51A2B5E1100615842 /* index@2x.jpg */; };
		9B1E5BE91A2B5E1100615842 /* index@3x.jpg in Resources */ = {isa = PBXBuildFile; fileRef = 9B1E5BE61A2B5E1100615842 /* index@3x.jpg */; };
		9B1E5BF91A2CA0C800615842 /* ColorScheme.swift in Sources */ = {isa = PBXBuildFile; fileRef = 9B1E5BF81A2CA0C800615842 /* ColorScheme.swift */; };
		9B1FF5271A33480700FAA985 /* Icon-76.png in Resources */ = {isa = PBXBuildFile; fileRef = 9B1FF5241A33480700FAA985 /* Icon-76.png */; };
		9B1FF5281A33480700FAA985 /* Icon-76@2x.png in Resources */ = {isa = PBXBuildFile; fileRef = 9B1FF5251A33480700FAA985 /* Icon-76@2x.png */; };
		9B1FF5291A33480700FAA985 /* Icon-76@3x.png in Resources */ = {isa = PBXBuildFile; fileRef = 9B1FF5261A33480700FAA985 /* Icon-76@3x.png */; };
		9B34AAFC1A1FA33100013C39 /* OrderArchiver.swift in Sources */ = {isa = PBXBuildFile; fileRef = 9B34AAFB1A1FA33100013C39 /* OrderArchiver.swift */; };
		9B34AAFE1A20B98500013C39 /* CategoryDataModel.swift in Sources */ = {isa = PBXBuildFile; fileRef = 9B34AAFD1A20B98500013C39 /* CategoryDataModel.swift */; };
		9B34AB001A20BB8000013C39 /* CategoryArchiver.swift in Sources */ = {isa = PBXBuildFile; fileRef = 9B34AAFF1A20BB8000013C39 /* CategoryArchiver.swift */; };
		9B35492C1A276C510083E0B6 /* CategoryPrimeAddViewController.swift in Sources */ = {isa = PBXBuildFile; fileRef = 9B35492B1A276C510083E0B6 /* CategoryPrimeAddViewController.swift */; };
		9B37A9D419EEB57A0097F88D /* AppDelegate.swift in Sources */ = {isa = PBXBuildFile; fileRef = 9B37A9D319EEB57A0097F88D /* AppDelegate.swift */; };
		9B37A9D719EEB57A0097F88D /* DecorationSteward.xcdatamodeld in Sources */ = {isa = PBXBuildFile; fileRef = 9B37A9D519EEB57A0097F88D /* DecorationSteward.xcdatamodeld */; };
		9B37A9D919EEB57A0097F88D /* ViewController.swift in Sources */ = {isa = PBXBuildFile; fileRef = 9B37A9D819EEB57A0097F88D /* ViewController.swift */; };
		9B37A9DC19EEB57A0097F88D /* Main.storyboard in Resources */ = {isa = PBXBuildFile; fileRef = 9B37A9DA19EEB57A0097F88D /* Main.storyboard */; };
		9B37A9DE19EEB57A0097F88D /* Images.xcassets in Resources */ = {isa = PBXBuildFile; fileRef = 9B37A9DD19EEB57A0097F88D /* Images.xcassets */; };
		9B37A9E119EEB57A0097F88D /* LaunchScreen.xib in Resources */ = {isa = PBXBuildFile; fileRef = 9B37A9DF19EEB57A0097F88D /* LaunchScreen.xib */; };
		9B37A9ED19EEB57A0097F88D /* DecorationStewardTests.swift in Sources */ = {isa = PBXBuildFile; fileRef = 9B37A9EC19EEB57A0097F88D /* DecorationStewardTests.swift */; };
		9B8032B71A35C246005BA828 /* home.png in Resources */ = {isa = PBXBuildFile; fileRef = 9B8032AE1A35C246005BA828 /* home.png */; };
		9B8032B81A35C246005BA828 /* home@2x.png in Resources */ = {isa = PBXBuildFile; fileRef = 9B8032AF1A35C246005BA828 /* home@2x.png */; };
		9B8032B91A35C246005BA828 /* home@3x.png in Resources */ = {isa = PBXBuildFile; fileRef = 9B8032B01A35C246005BA828 /* home@3x.png */; };
		9B8032BA1A35C246005BA828 /* list.png in Resources */ = {isa = PBXBuildFile; fileRef = 9B8032B11A35C246005BA828 /* list.png */; };
		9B8032BB1A35C246005BA828 /* list@2x.png in Resources */ = {isa = PBXBuildFile; fileRef = 9B8032B21A35C246005BA828 /* list@2x.png */; };
		9B8032BC1A35C246005BA828 /* list@3x.png in Resources */ = {isa = PBXBuildFile; fileRef = 9B8032B31A35C246005BA828 /* list@3x.png */; };
		9B8032BD1A35C246005BA828 /* settings.png in Resources */ = {isa = PBXBuildFile; fileRef = 9B8032B41A35C246005BA828 /* settings.png */; };
		9B8032BE1A35C246005BA828 /* settings@2x.png in Resources */ = {isa = PBXBuildFile; fileRef = 9B8032B51A35C246005BA828 /* settings@2x.png */; };
		9B8032BF1A35C246005BA828 /* settings@3x.png in Resources */ = {isa = PBXBuildFile; fileRef = 9B8032B61A35C246005BA828 /* settings@3x.png */; };
		9B8032C31A35CB76005BA828 /* PointMessageViewController.swift in Sources */ = {isa = PBXBuildFile; fileRef = 9B8032C11A35CB76005BA828 /* PointMessageViewController.swift */; };
		9B8032C41A35CB76005BA828 /* SpinnerViewController.swift in Sources */ = {isa = PBXBuildFile; fileRef = 9B8032C21A35CB76005BA828 /* SpinnerViewController.swift */; };
		9B8032C81A35D76A005BA828 /* Default.png in Resources */ = {isa = PBXBuildFile; fileRef = 9B8032C51A35D76A005BA828 /* Default.png */; };
		9B8032C91A35D76A005BA828 /* Default@2x.png in Resources */ = {isa = PBXBuildFile; fileRef = 9B8032C61A35D76A005BA828 /* Default@2x.png */; };
		9B8032CA1A35D76A005BA828 /* Default@3x.png in Resources */ = {isa = PBXBuildFile; fileRef = 9B8032C71A35D76A005BA828 /* Default@3x.png */; };
		9B97DCC91A235933006A94C0 /* RecordBudgetViewController.swift in Sources */ = {isa = PBXBuildFile; fileRef = 9B97DCC81A235933006A94C0 /* RecordBudgetViewController.swift */; };
		9B97DCCC1A236161006A94C0 /* BudgetItemDataModel.swift in Sources */ = {isa = PBXBuildFile; fileRef = 9B97DCCB1A236161006A94C0 /* BudgetItemDataModel.swift */; };
		9B97DCCE1A2361AA006A94C0 /* BudgetArchiver.swift in Sources */ = {isa = PBXBuildFile; fileRef = 9B97DCCD1A2361AA006A94C0 /* BudgetArchiver.swift */; };
		9B97DCD01A237385006A94C0 /* ShowBudgetListViewController.swift in Sources */ = {isa = PBXBuildFile; fileRef = 9B97DCCF1A237385006A94C0 /* ShowBudgetListViewController.swift */; };
		9B985BFD1A178F96009F4435 /* FeedBackViewController.swift in Sources */ = {isa = PBXBuildFile; fileRef = 9B985BFC1A178F96009F4435 /* FeedBackViewController.swift */; };
		9B985BFF1A179525009F4435 /* AboutMeViewController.swift in Sources */ = {isa = PBXBuildFile; fileRef = 9B985BFE1A179525009F4435 /* AboutMeViewController.swift */; };
		9BA6B0481A3DD261003BC35E /* KeyboardAccessory.swift in Sources */ = {isa = PBXBuildFile; fileRef = 9BA6B0471A3DD261003BC35E /* KeyboardAccessory.swift */; };
		9BA6B04A1A3F07C4003BC35E /* Default-375w-667h@2x.png in Resources */ = {isa = PBXBuildFile; fileRef = 9BA6B0491A3F07C4003BC35E /* Default-375w-667h@2x.png */; };
		9BA6B04C1A3F07D2003BC35E /* Default-414w-736h@3x.png in Resources */ = {isa = PBXBuildFile; fileRef = 9BA6B04B1A3F07D2003BC35E /* Default-414w-736h@3x.png */; };
		9BBB6F161A38997400E1FFE9 /* Default-568h@2x.png in Resources */ = {isa = PBXBuildFile; fileRef = 9BBB6F151A38997400E1FFE9 /* Default-568h@2x.png */; };
		9BC288D31A2964CC005728D5 /* ShowPayDetailViewController.swift in Sources */ = {isa = PBXBuildFile; fileRef = 9BC288D21A2964CC005728D5 /* ShowPayDetailViewController.swift */; };
		9BC288D51A29E041005728D5 /* ShowBudgetDetailViewController.swift in Sources */ = {isa = PBXBuildFile; fileRef = 9BC288D41A29E041005728D5 /* ShowBudgetDetailViewController.swift */; };
		9BCC42581A3483CA00978841 /* ShowPayListViewController.swift in Sources */ = {isa = PBXBuildFile; fileRef = 9BCC42571A3483CA00978841 /* ShowPayListViewController.swift */; };
		9BCEAA301A1212B3002EE82C /* SettingViewController.swift in Sources */ = {isa = PBXBuildFile; fileRef = 9BCEAA2F1A1212B3002EE82C /* SettingViewController.swift */; };
		9BCEAA321A122571002EE82C /* CatagoryPrimeMangeViewController.swift in Sources */ = {isa = PBXBuildFile; fileRef = 9BCEAA311A122571002EE82C /* CatagoryPrimeMangeViewController.swift */; };
		9BCEAA341A1225CA002EE82C /* CatagoryMinorManageViewController.swift in Sources */ = {isa = PBXBuildFile; fileRef = 9BCEAA331A1225CA002EE82C /* CatagoryMinorManageViewController.swift */; };
		9BD0A6561A0FB047007A5DDA /* RecordPayViewController.swift in Sources */ = {isa = PBXBuildFile; fileRef = 9BD0A6551A0FB047007A5DDA /* RecordPayViewController.swift */; };
		9BE945F01A1E2BAD0095ACBD /* OrderItemDataModel.swift in Sources */ = {isa = PBXBuildFile; fileRef = 9BE945EF1A1E2BAD0095ACBD /* OrderItemDataModel.swift */; };
/* End PBXBuildFile section */

/* Begin PBXContainerItemProxy section */
		9B37A9E719EEB57A0097F88D /* PBXContainerItemProxy */ = {
			isa = PBXContainerItemProxy;
			containerPortal = 9B37A9C619EEB57A0097F88D /* Project object */;
			proxyType = 1;
			remoteGlobalIDString = 9B37A9CD19EEB57A0097F88D;
			remoteInfo = DecorationSteward;
		};
/* End PBXContainerItemProxy section */

/* Begin PBXFileReference section */
		9B1467E11A260A3B00ACD417 /* CategoryMinorAddViewController.swift */ = {isa = PBXFileReference; fileEncoding = 4; lastKnownFileType = sourcecode.swift; path = CategoryMinorAddViewController.swift; sourceTree = "<group>"; };
		9B1E5BE41A2B5E1100615842 /* index.jpg */ = {isa = PBXFileReference; lastKnownFileType = image.jpeg; name = index.jpg; path = pictures/index.jpg; sourceTree = "<group>"; };
		9B1E5BE51A2B5E1100615842 /* index@2x.jpg */ = {isa = PBXFileReference; lastKnownFileType = image.jpeg; name = "index@2x.jpg"; path = "pictures/index@2x.jpg"; sourceTree = "<group>"; };
		9B1E5BE61A2B5E1100615842 /* index@3x.jpg */ = {isa = PBXFileReference; lastKnownFileType = image.jpeg; name = "index@3x.jpg"; path = "pictures/index@3x.jpg"; sourceTree = "<group>"; };
		9B1E5BF81A2CA0C800615842 /* ColorScheme.swift */ = {isa = PBXFileReference; fileEncoding = 4; lastKnownFileType = sourcecode.swift; name = ColorScheme.swift; path = colorScheme/ColorScheme.swift; sourceTree = "<group>"; };
		9B1FF5241A33480700FAA985 /* Icon-76.png */ = {isa = PBXFileReference; lastKnownFileType = image.png; name = "Icon-76.png"; path = "icons/Icon-76.png"; sourceTree = "<group>"; };
		9B1FF5251A33480700FAA985 /* Icon-76@2x.png */ = {isa = PBXFileReference; lastKnownFileType = image.png; name = "Icon-76@2x.png"; path = "icons/Icon-76@2x.png"; sourceTree = "<group>"; };
		9B1FF5261A33480700FAA985 /* Icon-76@3x.png */ = {isa = PBXFileReference; lastKnownFileType = image.png; name = "Icon-76@3x.png"; path = "icons/Icon-76@3x.png"; sourceTree = "<group>"; };
		9B34AAFB1A1FA33100013C39 /* OrderArchiver.swift */ = {isa = PBXFileReference; fileEncoding = 4; lastKnownFileType = sourcecode.swift; path = OrderArchiver.swift; sourceTree = "<group>"; };
		9B34AAFD1A20B98500013C39 /* CategoryDataModel.swift */ = {isa = PBXFileReference; fileEncoding = 4; lastKnownFileType = sourcecode.swift; path = CategoryDataModel.swift; sourceTree = "<group>"; };
		9B34AAFF1A20BB8000013C39 /* CategoryArchiver.swift */ = {isa = PBXFileReference; fileEncoding = 4; lastKnownFileType = sourcecode.swift; path = CategoryArchiver.swift; sourceTree = "<group>"; };
		9B35492B1A276C510083E0B6 /* CategoryPrimeAddViewController.swift */ = {isa = PBXFileReference; fileEncoding = 4; lastKnownFileType = sourcecode.swift; path = CategoryPrimeAddViewController.swift; sourceTree = "<group>"; };
		9B37A9CE19EEB57A0097F88D /* DecorationSteward.app */ = {isa = PBXFileReference; explicitFileType = wrapper.application; includeInIndex = 0; path = DecorationSteward.app; sourceTree = BUILT_PRODUCTS_DIR; };
		9B37A9D219EEB57A0097F88D /* Info.plist */ = {isa = PBXFileReference; lastKnownFileType = text.plist.xml; path = Info.plist; sourceTree = "<group>"; };
		9B37A9D319EEB57A0097F88D /* AppDelegate.swift */ = {isa = PBXFileReference; lastKnownFileType = sourcecode.swift; path = AppDelegate.swift; sourceTree = "<group>"; };
		9B37A9D619EEB57A0097F88D /* DecorationSteward.xcdatamodel */ = {isa = PBXFileReference; lastKnownFileType = wrapper.xcdatamodel; path = DecorationSteward.xcdatamodel; sourceTree = "<group>"; };
		9B37A9D819EEB57A0097F88D /* ViewController.swift */ = {isa = PBXFileReference; lastKnownFileType = sourcecode.swift; path = ViewController.swift; sourceTree = "<group>"; };
		9B37A9DB19EEB57A0097F88D /* Base */ = {isa = PBXFileReference; lastKnownFileType = file.storyboard; name = Base; path = Base.lproj/Main.storyboard; sourceTree = "<group>"; };
		9B37A9DD19EEB57A0097F88D /* Images.xcassets */ = {isa = PBXFileReference; lastKnownFileType = folder.assetcatalog; path = Images.xcassets; sourceTree = "<group>"; };
		9B37A9E019EEB57A0097F88D /* Base */ = {isa = PBXFileReference; lastKnownFileType = file.xib; name = Base; path = Base.lproj/LaunchScreen.xib; sourceTree = "<group>"; };
		9B37A9E619EEB57A0097F88D /* DecorationStewardTests.xctest */ = {isa = PBXFileReference; explicitFileType = wrapper.cfbundle; includeInIndex = 0; path = DecorationStewardTests.xctest; sourceTree = BUILT_PRODUCTS_DIR; };
		9B37A9EB19EEB57A0097F88D /* Info.plist */ = {isa = PBXFileReference; lastKnownFileType = text.plist.xml; path = Info.plist; sourceTree = "<group>"; };
		9B37A9EC19EEB57A0097F88D /* DecorationStewardTests.swift */ = {isa = PBXFileReference; lastKnownFileType = sourcecode.swift; path = DecorationStewardTests.swift; sourceTree = "<group>"; };
		9B8032AE1A35C246005BA828 /* home.png */ = {isa = PBXFileReference; lastKnownFileType = image.png; name = home.png; path = pictures/home.png; sourceTree = "<group>"; };
		9B8032AF1A35C246005BA828 /* home@2x.png */ = {isa = PBXFileReference; lastKnownFileType = image.png; name = "home@2x.png"; path = "pictures/home@2x.png"; sourceTree = "<group>"; };
		9B8032B01A35C246005BA828 /* home@3x.png */ = {isa = PBXFileReference; lastKnownFileType = image.png; name = "home@3x.png"; path = "pictures/home@3x.png"; sourceTree = "<group>"; };
		9B8032B11A35C246005BA828 /* list.png */ = {isa = PBXFileReference; lastKnownFileType = image.png; name = list.png; path = pictures/list.png; sourceTree = "<group>"; };
		9B8032B21A35C246005BA828 /* list@2x.png */ = {isa = PBXFileReference; lastKnownFileType = image.png; name = "list@2x.png"; path = "pictures/list@2x.png"; sourceTree = "<group>"; };
		9B8032B31A35C246005BA828 /* list@3x.png */ = {isa = PBXFileReference; lastKnownFileType = image.png; name = "list@3x.png"; path = "pictures/list@3x.png"; sourceTree = "<group>"; };
		9B8032B41A35C246005BA828 /* settings.png */ = {isa = PBXFileReference; lastKnownFileType = image.png; name = settings.png; path = pictures/settings.png; sourceTree = "<group>"; };
		9B8032B51A35C246005BA828 /* settings@2x.png */ = {isa = PBXFileReference; lastKnownFileType = image.png; name = "settings@2x.png"; path = "pictures/settings@2x.png"; sourceTree = "<group>"; };
		9B8032B61A35C246005BA828 /* settings@3x.png */ = {isa = PBXFileReference; lastKnownFileType = image.png; name = "settings@3x.png"; path = "pictures/settings@3x.png"; sourceTree = "<group>"; };
		9B8032C11A35CB76005BA828 /* PointMessageViewController.swift */ = {isa = PBXFileReference; fileEncoding = 4; lastKnownFileType = sourcecode.swift; path = PointMessageViewController.swift; sourceTree = "<group>"; };
		9B8032C21A35CB76005BA828 /* SpinnerViewController.swift */ = {isa = PBXFileReference; fileEncoding = 4; lastKnownFileType = sourcecode.swift; path = SpinnerViewController.swift; sourceTree = "<group>"; };
		9B8032C51A35D76A005BA828 /* Default.png */ = {isa = PBXFileReference; lastKnownFileType = image.png; name = Default.png; path = pictures/Default.png; sourceTree = "<group>"; };
		9B8032C61A35D76A005BA828 /* Default@2x.png */ = {isa = PBXFileReference; lastKnownFileType = image.png; name = "Default@2x.png"; path = "pictures/Default@2x.png"; sourceTree = "<group>"; };
		9B8032C71A35D76A005BA828 /* Default@3x.png */ = {isa = PBXFileReference; lastKnownFileType = image.png; name = "Default@3x.png"; path = "pictures/Default@3x.png"; sourceTree = "<group>"; };
		9B97DCC81A235933006A94C0 /* RecordBudgetViewController.swift */ = {isa = PBXFileReference; fileEncoding = 4; lastKnownFileType = sourcecode.swift; path = RecordBudgetViewController.swift; sourceTree = "<group>"; };
		9B97DCCB1A236161006A94C0 /* BudgetItemDataModel.swift */ = {isa = PBXFileReference; fileEncoding = 4; lastKnownFileType = sourcecode.swift; path = BudgetItemDataModel.swift; sourceTree = "<group>"; };
		9B97DCCD1A2361AA006A94C0 /* BudgetArchiver.swift */ = {isa = PBXFileReference; fileEncoding = 4; lastKnownFileType = sourcecode.swift; path = BudgetArchiver.swift; sourceTree = "<group>"; };
		9B97DCCF1A237385006A94C0 /* ShowBudgetListViewController.swift */ = {isa = PBXFileReference; fileEncoding = 4; lastKnownFileType = sourcecode.swift; path = ShowBudgetListViewController.swift; sourceTree = "<group>"; };
		9B985BFC1A178F96009F4435 /* FeedBackViewController.swift */ = {isa = PBXFileReference; fileEncoding = 4; lastKnownFileType = sourcecode.swift; path = FeedBackViewController.swift; sourceTree = "<group>"; };
		9B985BFE1A179525009F4435 /* AboutMeViewController.swift */ = {isa = PBXFileReference; fileEncoding = 4; lastKnownFileType = sourcecode.swift; path = AboutMeViewController.swift; sourceTree = "<group>"; };
		9BA6B0471A3DD261003BC35E /* KeyboardAccessory.swift */ = {isa = PBXFileReference; fileEncoding = 4; lastKnownFileType = sourcecode.swift; path = KeyboardAccessory.swift; sourceTree = "<group>"; };
		9BA6B0491A3F07C4003BC35E /* Default-375w-667h@2x.png */ = {isa = PBXFileReference; lastKnownFileType = image.png; name = "Default-375w-667h@2x.png"; path = "pictures/Default-375w-667h@2x.png"; sourceTree = "<group>"; };
		9BA6B04B1A3F07D2003BC35E /* Default-414w-736h@3x.png */ = {isa = PBXFileReference; lastKnownFileType = image.png; name = "Default-414w-736h@3x.png"; path = "pictures/Default-414w-736h@3x.png"; sourceTree = "<group>"; };
		9BBB6F151A38997400E1FFE9 /* Default-568h@2x.png */ = {isa = PBXFileReference; lastKnownFileType = image.png; name = "Default-568h@2x.png"; path = "pictures/Default-568h@2x.png"; sourceTree = "<group>"; };
		9BC288D21A2964CC005728D5 /* ShowPayDetailViewController.swift */ = {isa = PBXFileReference; fileEncoding = 4; lastKnownFileType = sourcecode.swift; path = ShowPayDetailViewController.swift; sourceTree = "<group>"; };
		9BC288D41A29E041005728D5 /* ShowBudgetDetailViewController.swift */ = {isa = PBXFileReference; fileEncoding = 4; lastKnownFileType = sourcecode.swift; path = ShowBudgetDetailViewController.swift; sourceTree = "<group>"; };
		9BCC42571A3483CA00978841 /* ShowPayListViewController.swift */ = {isa = PBXFileReference; fileEncoding = 4; lastKnownFileType = sourcecode.swift; path = ShowPayListViewController.swift; sourceTree = "<group>"; };
		9BCEAA2F1A1212B3002EE82C /* SettingViewController.swift */ = {isa = PBXFileReference; fileEncoding = 4; lastKnownFileType = sourcecode.swift; path = SettingViewController.swift; sourceTree = "<group>"; };
		9BCEAA311A122571002EE82C /* CatagoryPrimeMangeViewController.swift */ = {isa = PBXFileReference; fileEncoding = 4; lastKnownFileType = sourcecode.swift; path = CatagoryPrimeMangeViewController.swift; sourceTree = "<group>"; };
		9BCEAA331A1225CA002EE82C /* CatagoryMinorManageViewController.swift */ = {isa = PBXFileReference; fileEncoding = 4; lastKnownFileType = sourcecode.swift; path = CatagoryMinorManageViewController.swift; sourceTree = "<group>"; };
		9BD0A6551A0FB047007A5DDA /* RecordPayViewController.swift */ = {isa = PBXFileReference; fileEncoding = 4; lastKnownFileType = sourcecode.swift; path = RecordPayViewController.swift; sourceTree = "<group>"; };
		9BE945EF1A1E2BAD0095ACBD /* OrderItemDataModel.swift */ = {isa = PBXFileReference; fileEncoding = 4; lastKnownFileType = sourcecode.swift; path = OrderItemDataModel.swift; sourceTree = "<group>"; };
/* End PBXFileReference section */

/* Begin PBXFrameworksBuildPhase section */
		9B37A9CB19EEB57A0097F88D /* Frameworks */ = {
			isa = PBXFrameworksBuildPhase;
			buildActionMask = 2147483647;
			files = (
			);
			runOnlyForDeploymentPostprocessing = 0;
		};
		9B37A9E319EEB57A0097F88D /* Frameworks */ = {
			isa = PBXFrameworksBuildPhase;
			buildActionMask = 2147483647;
			files = (
			);
			runOnlyForDeploymentPostprocessing = 0;
		};
/* End PBXFrameworksBuildPhase section */

/* Begin PBXGroup section */
		9B1E5BE31A2B5DAD00615842 /* pictures */ = {
			isa = PBXGroup;
			children = (
				9BA6B04B1A3F07D2003BC35E /* Default-414w-736h@3x.png */,
				9BA6B0491A3F07C4003BC35E /* Default-375w-667h@2x.png */,
				9BBB6F151A38997400E1FFE9 /* Default-568h@2x.png */,
				9B8032C51A35D76A005BA828 /* Default.png */,
				9B8032C61A35D76A005BA828 /* Default@2x.png */,
				9B8032C71A35D76A005BA828 /* Default@3x.png */,
				9B8032AE1A35C246005BA828 /* home.png */,
				9B8032AF1A35C246005BA828 /* home@2x.png */,
				9B8032B01A35C246005BA828 /* home@3x.png */,
				9B8032B11A35C246005BA828 /* list.png */,
				9B8032B21A35C246005BA828 /* list@2x.png */,
				9B8032B31A35C246005BA828 /* list@3x.png */,
				9B8032B41A35C246005BA828 /* settings.png */,
				9B8032B51A35C246005BA828 /* settings@2x.png */,
				9B8032B61A35C246005BA828 /* settings@3x.png */,
				9B1FF5241A33480700FAA985 /* Icon-76.png */,
				9B1FF5251A33480700FAA985 /* Icon-76@2x.png */,
				9B1FF5261A33480700FAA985 /* Icon-76@3x.png */,
				9B1E5BE41A2B5E1100615842 /* index.jpg */,
				9B1E5BE51A2B5E1100615842 /* index@2x.jpg */,
				9B1E5BE61A2B5E1100615842 /* index@3x.jpg */,
			);
			name = pictures;
			sourceTree = "<group>";
		};
		9B1E5BFA1A2CA0D200615842 /* colorScheme */ = {
			isa = PBXGroup;
			children = (
				9B1E5BF81A2CA0C800615842 /* ColorScheme.swift */,
			);
			name = colorScheme;
			sourceTree = "<group>";
		};
		9B37A9C519EEB57A0097F88D = {
			isa = PBXGroup;
			children = (
				9B37A9D019EEB57A0097F88D /* DecorationSteward */,
				9B37A9E919EEB57A0097F88D /* DecorationStewardTests */,
				9B37A9CF19EEB57A0097F88D /* Products */,
			);
			sourceTree = "<group>";
		};
		9B37A9CF19EEB57A0097F88D /* Products */ = {
			isa = PBXGroup;
			children = (
				9B37A9CE19EEB57A0097F88D /* DecorationSteward.app */,
				9B37A9E619EEB57A0097F88D /* DecorationStewardTests.xctest */,
			);
			name = Products;
			sourceTree = "<group>";
		};
		9B37A9D019EEB57A0097F88D /* DecorationSteward */ = {
			isa = PBXGroup;
			children = (
				9B8032C01A35CB76005BA828 /* Interface */,
				9B1E5BFA1A2CA0D200615842 /* colorScheme */,
				9B1E5BE31A2B5DAD00615842 /* pictures */,
				9B97DCCA1A23610B006A94C0 /* dataModel */,
				9B37A9D319EEB57A0097F88D /* AppDelegate.swift */,
				9B37A9DA19EEB57A0097F88D /* Main.storyboard */,
				9BC288D41A29E041005728D5 /* ShowBudgetDetailViewController.swift */,
				9BC288D21A2964CC005728D5 /* ShowPayDetailViewController.swift */,
				9B35492B1A276C510083E0B6 /* CategoryPrimeAddViewController.swift */,
				9B1467E11A260A3B00ACD417 /* CategoryMinorAddViewController.swift */,
				9B37A9D819EEB57A0097F88D /* ViewController.swift */,
				9B985BFE1A179525009F4435 /* AboutMeViewController.swift */,
				9BCEAA2F1A1212B3002EE82C /* SettingViewController.swift */,
				9B985BFC1A178F96009F4435 /* FeedBackViewController.swift */,
				9BCEAA311A122571002EE82C /* CatagoryPrimeMangeViewController.swift */,
				9BCEAA331A1225CA002EE82C /* CatagoryMinorManageViewController.swift */,
				9BD0A6551A0FB047007A5DDA /* RecordPayViewController.swift */,
				9B97DCC81A235933006A94C0 /* RecordBudgetViewController.swift */,
				9BCC42571A3483CA00978841 /* ShowPayListViewController.swift */,
				9B97DCCF1A237385006A94C0 /* ShowBudgetListViewController.swift */,
				9B37A9DD19EEB57A0097F88D /* Images.xcassets */,
				9B37A9DF19EEB57A0097F88D /* LaunchScreen.xib */,
				9B37A9D519EEB57A0097F88D /* DecorationSteward.xcdatamodeld */,
				9B37A9D119EEB57A0097F88D /* Supporting Files */,
			);
			path = DecorationSteward;
			sourceTree = "<group>";
		};
		9B37A9D119EEB57A0097F88D /* Supporting Files */ = {
			isa = PBXGroup;
			children = (
				9B37A9D219EEB57A0097F88D /* Info.plist */,
			);
			name = "Supporting Files";
			sourceTree = "<group>";
		};
		9B37A9E919EEB57A0097F88D /* DecorationStewardTests */ = {
			isa = PBXGroup;
			children = (
				9B37A9EC19EEB57A0097F88D /* DecorationStewardTests.swift */,
				9B37A9EA19EEB57A0097F88D /* Supporting Files */,
			);
			path = DecorationStewardTests;
			sourceTree = "<group>";
		};
		9B37A9EA19EEB57A0097F88D /* Supporting Files */ = {
			isa = PBXGroup;
			children = (
				9B37A9EB19EEB57A0097F88D /* Info.plist */,
			);
			name = "Supporting Files";
			sourceTree = "<group>";
		};
		9B8032C01A35CB76005BA828 /* Interface */ = {
			isa = PBXGroup;
			children = (
				9B8032C11A35CB76005BA828 /* PointMessageViewController.swift */,
				9B8032C21A35CB76005BA828 /* SpinnerViewController.swift */,
				9BA6B0471A3DD261003BC35E /* KeyboardAccessory.swift */,
			);
			path = Interface;
			sourceTree = "<group>";
		};
		9B97DCCA1A23610B006A94C0 /* dataModel */ = {
			isa = PBXGroup;
			children = (
				9BE945EF1A1E2BAD0095ACBD /* OrderItemDataModel.swift */,
				9B97DCCB1A236161006A94C0 /* BudgetItemDataModel.swift */,
				9B34AAFB1A1FA33100013C39 /* OrderArchiver.swift */,
				9B97DCCD1A2361AA006A94C0 /* BudgetArchiver.swift */,
				9B34AAFD1A20B98500013C39 /* CategoryDataModel.swift */,
				9B34AAFF1A20BB8000013C39 /* CategoryArchiver.swift */,
			);
			name = dataModel;
			sourceTree = "<group>";
		};
/* End PBXGroup section */

/* Begin PBXNativeTarget section */
		9B37A9CD19EEB57A0097F88D /* DecorationSteward */ = {
			isa = PBXNativeTarget;
			buildConfigurationList = 9B37A9F019EEB57A0097F88D /* Build configuration list for PBXNativeTarget "DecorationSteward" */;
			buildPhases = (
				9B37A9CA19EEB57A0097F88D /* Sources */,
				9B37A9CB19EEB57A0097F88D /* Frameworks */,
				9B37A9CC19EEB57A0097F88D /* Resources */,
			);
			buildRules = (
			);
			dependencies = (
			);
			name = DecorationSteward;
			productName = DecorationSteward;
			productReference = 9B37A9CE19EEB57A0097F88D /* DecorationSteward.app */;
			productType = "com.apple.product-type.application";
		};
		9B37A9E519EEB57A0097F88D /* DecorationStewardTests */ = {
			isa = PBXNativeTarget;
			buildConfigurationList = 9B37A9F319EEB57A0097F88D /* Build configuration list for PBXNativeTarget "DecorationStewardTests" */;
			buildPhases = (
				9B37A9E219EEB57A0097F88D /* Sources */,
				9B37A9E319EEB57A0097F88D /* Frameworks */,
				9B37A9E419EEB57A0097F88D /* Resources */,
			);
			buildRules = (
			);
			dependencies = (
				9B37A9E819EEB57A0097F88D /* PBXTargetDependency */,
			);
			name = DecorationStewardTests;
			productName = DecorationStewardTests;
			productReference = 9B37A9E619EEB57A0097F88D /* DecorationStewardTests.xctest */;
			productType = "com.apple.product-type.bundle.unit-test";
		};
/* End PBXNativeTarget section */

/* Begin PBXProject section */
		9B37A9C619EEB57A0097F88D /* Project object */ = {
			isa = PBXProject;
			attributes = {
				LastUpgradeCheck = 0600;
				ORGANIZATIONNAME = ruby;
				TargetAttributes = {
					9B37A9CD19EEB57A0097F88D = {
						CreatedOnToolsVersion = 6.0.1;
					};
					9B37A9E519EEB57A0097F88D = {
						CreatedOnToolsVersion = 6.0.1;
						TestTargetID = 9B37A9CD19EEB57A0097F88D;
					};
				};
			};
			buildConfigurationList = 9B37A9C919EEB57A0097F88D /* Build configuration list for PBXProject "DecorationSteward" */;
			compatibilityVersion = "Xcode 3.2";
			developmentRegion = English;
			hasScannedForEncodings = 0;
			knownRegions = (
				en,
				Base,
			);
			mainGroup = 9B37A9C519EEB57A0097F88D;
			productRefGroup = 9B37A9CF19EEB57A0097F88D /* Products */;
			projectDirPath = "";
			projectRoot = "";
			targets = (
				9B37A9CD19EEB57A0097F88D /* DecorationSteward */,
				9B37A9E519EEB57A0097F88D /* DecorationStewardTests */,
			);
		};
/* End PBXProject section */

/* Begin PBXResourcesBuildPhase section */
		9B37A9CC19EEB57A0097F88D /* Resources */ = {
			isa = PBXResourcesBuildPhase;
			buildActionMask = 2147483647;
			files = (
				9B8032BD1A35C246005BA828 /* settings.png in Resources */,
				9BBB6F161A38997400E1FFE9 /* Default-568h@2x.png in Resources */,
				9B8032BB1A35C246005BA828 /* list@2x.png in Resources */,
				9B1E5BE81A2B5E1100615842 /* index@2x.jpg in Resources */,
				9B1E5BE71A2B5E1100615842 /* index.jpg in Resources */,
				9B8032B91A35C246005BA828 /* home@3x.png in Resources */,
				9B8032BE1A35C246005BA828 /* settings@2x.png in Resources */,
				9BA6B04A1A3F07C4003BC35E /* Default-375w-667h@2x.png in Resources */,
				9B8032BC1A35C246005BA828 /* list@3x.png in Resources */,
				9B1FF5291A33480700FAA985 /* Icon-76@3x.png in Resources */,
				9B8032BA1A35C246005BA828 /* list.png in Resources */,
				9B37A9DC19EEB57A0097F88D /* Main.storyboard in Resources */,
				9B8032BF1A35C246005BA828 /* settings@3x.png in Resources */,
				9B8032C81A35D76A005BA828 /* Default.png in Resources */,
				9B8032C91A35D76A005BA828 /* Default@2x.png in Resources */,
				9B8032CA1A35D76A005BA828 /* Default@3x.png in Resources */,
				9B1FF5271A33480700FAA985 /* Icon-76.png in Resources */,
				9B37A9E119EEB57A0097F88D /* LaunchScreen.xib in Resources */,
				9B8032B71A35C246005BA828 /* home.png in Resources */,
				9B1E5BE91A2B5E1100615842 /* index@3x.jpg in Resources */,
				9B1FF5281A33480700FAA985 /* Icon-76@2x.png in Resources */,
				9BA6B04C1A3F07D2003BC35E /* Default-414w-736h@3x.png in Resources */,
				9B37A9DE19EEB57A0097F88D /* Images.xcassets in Resources */,
				9B8032B81A35C246005BA828 /* home@2x.png in Resources */,
			);
			runOnlyForDeploymentPostprocessing = 0;
		};
		9B37A9E419EEB57A0097F88D /* Resources */ = {
			isa = PBXResourcesBuildPhase;
			buildActionMask = 2147483647;
			files = (
			);
			runOnlyForDeploymentPostprocessing = 0;
		};
/* End PBXResourcesBuildPhase section */

/* Begin PBXSourcesBuildPhase section */
		9B37A9CA19EEB57A0097F88D /* Sources */ = {
			isa = PBXSourcesBuildPhase;
			buildActionMask = 2147483647;
			files = (
				9BCEAA301A1212B3002EE82C /* SettingViewController.swift in Sources */,
				9B97DCD01A237385006A94C0 /* ShowBudgetListViewController.swift in Sources */,
				9B1467E21A260A3C00ACD417 /* CategoryMinorAddViewController.swift in Sources */,
				9BA6B0481A3DD261003BC35E /* KeyboardAccessory.swift in Sources */,
				9B97DCC91A235933006A94C0 /* RecordBudgetViewController.swift in Sources */,
				9B8032C41A35CB76005BA828 /* SpinnerViewController.swift in Sources */,
				9BD0A6561A0FB047007A5DDA /* RecordPayViewController.swift in Sources */,
				9B35492C1A276C510083E0B6 /* CategoryPrimeAddViewController.swift in Sources */,
				9BCC42581A3483CA00978841 /* ShowPayListViewController.swift in Sources */,
				9B37A9D919EEB57A0097F88D /* ViewController.swift in Sources */,
				9B34AAFE1A20B98500013C39 /* CategoryDataModel.swift in Sources */,
				9B34AAFC1A1FA33100013C39 /* OrderArchiver.swift in Sources */,
				9BE945F01A1E2BAD0095ACBD /* OrderItemDataModel.swift in Sources */,
				9B985BFD1A178F96009F4435 /* FeedBackViewController.swift in Sources */,
				9B97DCCC1A236161006A94C0 /* BudgetItemDataModel.swift in Sources */,
				9B1E5BF91A2CA0C800615842 /* ColorScheme.swift in Sources */,
				9BCEAA341A1225CA002EE82C /* CatagoryMinorManageViewController.swift in Sources */,
				9B37A9D719EEB57A0097F88D /* DecorationSteward.xcdatamodeld in Sources */,
				9B97DCCE1A2361AA006A94C0 /* BudgetArchiver.swift in Sources */,
				9B37A9D419EEB57A0097F88D /* AppDelegate.swift in Sources */,
				9B8032C31A35CB76005BA828 /* PointMessageViewController.swift in Sources */,
				9B34AB001A20BB8000013C39 /* CategoryArchiver.swift in Sources */,
				9B985BFF1A179525009F4435 /* AboutMeViewController.swift in Sources */,
				9BCEAA321A122571002EE82C /* CatagoryPrimeMangeViewController.swift in Sources */,
				9BC288D31A2964CC005728D5 /* ShowPayDetailViewController.swift in Sources */,
				9BC288D51A29E041005728D5 /* ShowBudgetDetailViewController.swift in Sources */,
			);
			runOnlyForDeploymentPostprocessing = 0;
		};
		9B37A9E219EEB57A0097F88D /* Sources */ = {
			isa = PBXSourcesBuildPhase;
			buildActionMask = 2147483647;
			files = (
				9B37A9ED19EEB57A0097F88D /* DecorationStewardTests.swift in Sources */,
			);
			runOnlyForDeploymentPostprocessing = 0;
		};
/* End PBXSourcesBuildPhase section */

/* Begin PBXTargetDependency section */
		9B37A9E819EEB57A0097F88D /* PBXTargetDependency */ = {
			isa = PBXTargetDependency;
			target = 9B37A9CD19EEB57A0097F88D /* DecorationSteward */;
			targetProxy = 9B37A9E719EEB57A0097F88D /* PBXContainerItemProxy */;
		};
/* End PBXTargetDependency section */

/* Begin PBXVariantGroup section */
		9B37A9DA19EEB57A0097F88D /* Main.storyboard */ = {
			isa = PBXVariantGroup;
			children = (
				9B37A9DB19EEB57A0097F88D /* Base */,
			);
			name = Main.storyboard;
			sourceTree = "<group>";
		};
		9B37A9DF19EEB57A0097F88D /* LaunchScreen.xib */ = {
			isa = PBXVariantGroup;
			children = (
				9B37A9E019EEB57A0097F88D /* Base */,
			);
			name = LaunchScreen.xib;
			sourceTree = "<group>";
		};
/* End PBXVariantGroup section */

/* Begin XCBuildConfiguration section */
		9B37A9EE19EEB57A0097F88D /* Debug */ = {
			isa = XCBuildConfiguration;
			buildSettings = {
				ALWAYS_SEARCH_USER_PATHS = NO;
				CLANG_CXX_LANGUAGE_STANDARD = "gnu++0x";
				CLANG_CXX_LIBRARY = "libc++";
				CLANG_ENABLE_MODULES = YES;
				CLANG_ENABLE_OBJC_ARC = YES;
				CLANG_WARN_BOOL_CONVERSION = YES;
				CLANG_WARN_CONSTANT_CONVERSION = YES;
				CLANG_WARN_DIRECT_OBJC_ISA_USAGE = YES_ERROR;
				CLANG_WARN_EMPTY_BODY = YES;
				CLANG_WARN_ENUM_CONVERSION = YES;
				CLANG_WARN_INT_CONVERSION = YES;
				CLANG_WARN_OBJC_ROOT_CLASS = YES_ERROR;
				CLANG_WARN_UNREACHABLE_CODE = YES;
				CLANG_WARN__DUPLICATE_METHOD_MATCH = YES;
				"CODE_SIGN_IDENTITY[sdk=iphoneos*]" = "iPhone Developer";
				COPY_PHASE_STRIP = NO;
				ENABLE_STRICT_OBJC_MSGSEND = YES;
				GCC_C_LANGUAGE_STANDARD = gnu99;
				GCC_DYNAMIC_NO_PIC = NO;
				GCC_OPTIMIZATION_LEVEL = 0;
				GCC_PREPROCESSOR_DEFINITIONS = (
					"DEBUG=1",
					"$(inherited)",
				);
				GCC_SYMBOLS_PRIVATE_EXTERN = NO;
				GCC_WARN_64_TO_32_BIT_CONVERSION = YES;
				GCC_WARN_ABOUT_RETURN_TYPE = YES_ERROR;
				GCC_WARN_UNDECLARED_SELECTOR = YES;
				GCC_WARN_UNINITIALIZED_AUTOS = YES_AGGRESSIVE;
				GCC_WARN_UNUSED_FUNCTION = YES;
				GCC_WARN_UNUSED_VARIABLE = YES;
				IPHONEOS_DEPLOYMENT_TARGET = 8.0;
				MTL_ENABLE_DEBUG_INFO = YES;
				ONLY_ACTIVE_ARCH = YES;
				SDKROOT = iphoneos;
				SWIFT_OPTIMIZATION_LEVEL = "-Onone";
			};
			name = Debug;
		};
		9B37A9EF19EEB57A0097F88D /* Release */ = {
			isa = XCBuildConfiguration;
			buildSettings = {
				ALWAYS_SEARCH_USER_PATHS = NO;
				CLANG_CXX_LANGUAGE_STANDARD = "gnu++0x";
				CLANG_CXX_LIBRARY = "libc++";
				CLANG_ENABLE_MODULES = YES;
				CLANG_ENABLE_OBJC_ARC = YES;
				CLANG_WARN_BOOL_CONVERSION = YES;
				CLANG_WARN_CONSTANT_CONVERSION = YES;
				CLANG_WARN_DIRECT_OBJC_ISA_USAGE = YES_ERROR;
				CLANG_WARN_EMPTY_BODY = YES;
				CLANG_WARN_ENUM_CONVERSION = YES;
				CLANG_WARN_INT_CONVERSION = YES;
				CLANG_WARN_OBJC_ROOT_CLASS = YES_ERROR;
				CLANG_WARN_UNREACHABLE_CODE = YES;
				CLANG_WARN__DUPLICATE_METHOD_MATCH = YES;
				"CODE_SIGN_IDENTITY[sdk=iphoneos*]" = "iPhone Developer";
				COPY_PHASE_STRIP = YES;
				ENABLE_NS_ASSERTIONS = NO;
				ENABLE_STRICT_OBJC_MSGSEND = YES;
				GCC_C_LANGUAGE_STANDARD = gnu99;
				GCC_WARN_64_TO_32_BIT_CONVERSION = YES;
				GCC_WARN_ABOUT_RETURN_TYPE = YES_ERROR;
				GCC_WARN_UNDECLARED_SELECTOR = YES;
				GCC_WARN_UNINITIALIZED_AUTOS = YES_AGGRESSIVE;
				GCC_WARN_UNUSED_FUNCTION = YES;
				GCC_WARN_UNUSED_VARIABLE = YES;
				IPHONEOS_DEPLOYMENT_TARGET = 8.0;
				MTL_ENABLE_DEBUG_INFO = NO;
				SDKROOT = iphoneos;
				VALIDATE_PRODUCT = YES;
			};
			name = Release;
		};
		9B37A9F119EEB57A0097F88D /* Debug */ = {
			isa = XCBuildConfiguration;
			buildSettings = {
				ASSETCATALOG_COMPILER_APPICON_NAME = AppIcon;
				ASSETCATALOG_COMPILER_LAUNCHIMAGE_NAME = LaunchImage;
				INFOPLIST_FILE = DecorationSteward/Info.plist;
				IPHONEOS_DEPLOYMENT_TARGET = 7.1;
				LD_RUNPATH_SEARCH_PATHS = "$(inherited) @executable_path/Frameworks";
				PRODUCT_NAME = "$(TARGET_NAME)";
			};
			name = Debug;
		};
		9B37A9F219EEB57A0097F88D /* Release */ = {
			isa = XCBuildConfiguration;
			buildSettings = {
				ASSETCATALOG_COMPILER_APPICON_NAME = AppIcon;
				ASSETCATALOG_COMPILER_LAUNCHIMAGE_NAME = LaunchImage;
				INFOPLIST_FILE = DecorationSteward/Info.plist;
				IPHONEOS_DEPLOYMENT_TARGET = 7.1;
				LD_RUNPATH_SEARCH_PATHS = "$(inherited) @executable_path/Frameworks";
				PRODUCT_NAME = "$(TARGET_NAME)";
			};
			name = Release;
		};
		9B37A9F419EEB57A0097F88D /* Debug */ = {
			isa = XCBuildConfiguration;
			buildSettings = {
				BUNDLE_LOADER = "$(TEST_HOST)";
				FRAMEWORK_SEARCH_PATHS = (
					"$(SDKROOT)/Developer/Library/Frameworks",
					"$(inherited)",
				);
				GCC_PREPROCESSOR_DEFINITIONS = (
					"DEBUG=1",
					"$(inherited)",
				);
				INFOPLIST_FILE = DecorationStewardTests/Info.plist;
				LD_RUNPATH_SEARCH_PATHS = "$(inherited) @executable_path/Frameworks @loader_path/Frameworks";
				PRODUCT_NAME = "$(TARGET_NAME)";
				TEST_HOST = "$(BUILT_PRODUCTS_DIR)/DecorationSteward.app/DecorationSteward";
			};
			name = Debug;
		};
		9B37A9F519EEB57A0097F88D /* Release */ = {
			isa = XCBuildConfiguration;
			buildSettings = {
				BUNDLE_LOADER = "$(TEST_HOST)";
				FRAMEWORK_SEARCH_PATHS = (
					"$(SDKROOT)/Developer/Library/Frameworks",
					"$(inherited)",
				);
				INFOPLIST_FILE = DecorationStewardTests/Info.plist;
				LD_RUNPATH_SEARCH_PATHS = "$(inherited) @executable_path/Frameworks @loader_path/Frameworks";
				PRODUCT_NAME = "$(TARGET_NAME)";
				TEST_HOST = "$(BUILT_PRODUCTS_DIR)/DecorationSteward.app/DecorationSteward";
			};
			name = Release;
		};
/* End XCBuildConfiguration section */

/* Begin XCConfigurationList section */
		9B37A9C919EEB57A0097F88D /* Build configuration list for PBXProject "DecorationSteward" */ = {
			isa = XCConfigurationList;
			buildConfigurations = (
				9B37A9EE19EEB57A0097F88D /* Debug */,
				9B37A9EF19EEB57A0097F88D /* Release */,
			);
			defaultConfigurationIsVisible = 0;
			defaultConfigurationName = Release;
		};
		9B37A9F019EEB57A0097F88D /* Build configuration list for PBXNativeTarget "DecorationSteward" */ = {
			isa = XCConfigurationList;
			buildConfigurations = (
				9B37A9F119EEB57A0097F88D /* Debug */,
				9B37A9F219EEB57A0097F88D /* Release */,
			);
			defaultConfigurationIsVisible = 0;
			defaultConfigurationName = Release;
		};
		9B37A9F319EEB57A0097F88D /* Build configuration list for PBXNativeTarget "DecorationStewardTests" */ = {
			isa = XCConfigurationList;
			buildConfigurations = (
				9B37A9F419EEB57A0097F88D /* Debug */,
				9B37A9F519EEB57A0097F88D /* Release */,
			);
			defaultConfigurationIsVisible = 0;
			defaultConfigurationName = Release;
		};
/* End XCConfigurationList section */

/* Begin XCVersionGroup section */
		9B37A9D519EEB57A0097F88D /* DecorationSteward.xcdatamodeld */ = {
			isa = XCVersionGroup;
			children = (
				9B37A9D619EEB57A0097F88D /* DecorationSteward.xcdatamodel */,
			);
			currentVersion = 9B37A9D619EEB57A0097F88D /* DecorationSteward.xcdatamodel */;
			path = DecorationSteward.xcdatamodeld;
			sourceTree = "<group>";
			versionGroupType = wrapper.xcdatamodel;
		};
/* End XCVersionGroup section */
	};
	rootObject = 9B37A9C619EEB57A0097F88D /* Project object */;
}
